# THIS IS AN AUTOGENERATED FILE. DO NOT EDIT THIS FILE DIRECTLY.
# yarn lockfile v1


"@js-joda/core@3.2.0":
  version "3.2.0"
  resolved "https://registry.yarnpkg.com/@js-joda/core/-/core-3.2.0.tgz#3e61e21b7b2b8a6be746df1335cf91d70db2a273"
  integrity sha512-PMqgJ0sw5B7FKb2d5bWYIoxjri+QlW/Pys7+Rw82jSH0QN3rB05jZ/VrrsUdh1w4+i2kw9JOejXGq/KhDOX7Kg==

abslink@^1.2.2:
  version "1.2.2"
  resolved "https://registry.yarnpkg.com/abslink/-/abslink-1.2.2.tgz#c4af9cc65d7ebb1db45069429daf53f1015bb01c"
  integrity sha512-HCOItvzORPjMzddCmEpbH8+W1VM3yjH+CR7DLtxlxFKX/jz5twJbm7KLfblO7eKLnXINLah8Hk2ZAJqxXeSkOg==

jassub@2.5.7:
  version "2.5.7"
  resolved "https://registry.yarnpkg.com/jassub/-/jassub-2.5.7.tgz#01418b282f1fefeb570a86eb7735d9879e4b1a05"
  integrity sha512-ynn0D65lsQwkBhnTi7WqJ7upy7jHMq+ePP637rI2x7cQYVJlsG8zrAacP5DCq9nO+W3lY0IXRT2VzjBwSpHzWA==
  dependencies:
    abslink "^1.2.2"
    lfa-ponyfill "^1.1.0"
    rvfc-polyfill "^1.0.8"
    throughput "^1.0.2"

lfa-ponyfill@^1.1.0:
  version "1.1.0"
  resolved "https://registry.yarnpkg.com/lfa-ponyfill/-/lfa-ponyfill-1.1.0.tgz#0dac23551e1c84432dcf1b4e50916f8e96bc3f9a"
  integrity sha512-YS3/DmyDdywWwoEu1ZacAudqkJ4q7WtKE9+bWlaSuEoVrXva7ChIJHMJYs19zyVc1H198pzqAreQU0r/+YNeew==

rvfc-polyfill@^1.0.8:
  version "1.0.8"
  resolved "https://registry.yarnpkg.com/rvfc-polyfill/-/rvfc-polyfill-1.0.8.tgz#4361448d19991a97985ca7e9a1d4ec6a0df7ef2d"
  integrity sha512-uA+0wwTkZ4OT8v45pfDfH+7Yq8mY6MvNngiF5Sq6VBgjJsvsfgt7Q18cyZqZjfAhW9rhkgXPX0cW0R9uw7yElA==

throughput@^1.0.2:
  version "1.0.2"
  resolved "https://registry.yarnpkg.com/throughput/-/throughput-1.0.2.tgz#f235dfd227831e464c19ab426bc76c21062c550a"
  integrity sha512-jvK1ZXuhsggjb3qYQjMiU/AVYYiTeqT5thWvYR2yuy2LGM84P5MSSyAinwHahGsdBYKR9m9HncVR/3f3nFKkxg==
